// !$*UTF8*$!
{
	archiveVersion = 1;
	classes = {
	};
	objectVersion = 56;
	objects = {

/* Begin PBXBuildFile section */
		FAE08120296DD7A5001958E6 /* AppDelegate.swift in Sources */ = {isa = PBXBuildFile; fileRef = FAE0811F296DD7A5001958E6 /* AppDelegate.swift */; };
		FAE08122296DD7A5001958E6 /* SceneDelegate.swift in Sources */ = {isa = PBXBuildFile; fileRef = FAE08121296DD7A5001958E6 /* SceneDelegate.swift */; };
		FAE08124296DD7A5001958E6 /* ViewController.swift in Sources */ = {isa = PBXBuildFile; fileRef = FAE08123296DD7A5001958E6 /* ViewController.swift */; };
		FAE08127296DD7A5001958E6 /* Main.storyboard in Resources */ = {isa = PBXBuildFile; fileRef = FAE08125296DD7A5001958E6 /* Main.storyboard */; };
		FAE08129296DD7A7001958E6 /* Assets.xcassets in Resources */ = {isa = PBXBuildFile; fileRef = FAE08128296DD7A7001958E6 /* Assets.xcassets */; };
		FAE0812C296DD7A7001958E6 /* LaunchScreen.storyboard in Resources */ = {isa = PBXBuildFile; fileRef = FAE0812A296DD7A7001958E6 /* LaunchScreen.storyboard */; };
		FAE08137296DD7A7001958E6 /* FlashlightTests.swift in Sources */ = {isa = PBXBuildFile; fileRef = FAE08136296DD7A7001958E6 /* FlashlightTests.swift */; };
		FAE08141296DD7A7001958E6 /* FlashlightUITests.swift in Sources */ = {isa = PBXBuildFile; fileRef = FAE08140296DD7A7001958E6 /* FlashlightUITests.swift */; };
		FAE08143296DD7A7001958E6 /* FlashlightUITestsLaunchTests.swift in Sources */ = {isa = PBXBuildFile; fileRef = FAE08142296DD7A7001958E6 /* FlashlightUITestsLaunchTests.swift */; };
/* End PBXBuildFile section */

/* Begin PBXContainerItemProxy section */
		FAE08133296DD7A7001958E6 /* PBXContainerItemProxy */ = {
			isa = PBXContainerItemProxy;
			containerPortal = FAE08114296DD7A5001958E6 /* Project object */;
			proxyType = 1;
			remoteGlobalIDString = FAE0811B296DD7A5001958E6;
			remoteInfo = Flashlight;
		};
		FAE0813D296DD7A7001958E6 /* PBXContainerItemProxy */ = {
			isa = PBXContainerItemProxy;
			containerPortal = FAE08114296DD7A5001958E6 /* Project object */;
			proxyType = 1;
			remoteGlobalIDString = FAE0811B296DD7A5001958E6;
			remoteInfo = Flashlight;
		};
/* End PBXContainerItemProxy section */

/* Begin PBXFileReference section */
		FAE0811C296DD7A5001958E6 /* Flashlight.app */ = {isa = PBXFileReference; explicitFileType = wrapper.application; includeInIndex = 0; path = Flashlight.app; sourceTree = BUILT_PRODUCTS_DIR; };
		FAE0811F296DD7A5001958E6 /* AppDelegate.swift */ = {isa = PBXFileReference; lastKnownFileType = sourcecode.swift; path = AppDelegate.swift; sourceTree = "<group>"; };
		FAE08121296DD7A5001958E6 /* SceneDelegate.swift */ = {isa = PBXFileReference; lastKnownFileType = sourcecode.swift; path = SceneDelegate.swift; sourceTree = "<group>"; };
		FAE08123296DD7A5001958E6 /* ViewController.swift */ = {isa = PBXFileReference; lastKnownFileType = sourcecode.swift; path = ViewController.swift; sourceTree = "<group>"; };
		FAE08126296DD7A5001958E6 /* Base */ = {isa = PBXFileReference; lastKnownFileType = file.storyboard; name = Base; path = Base.lproj/Main.storyboard; sourceTree = "<group>"; };
		FAE08128296DD7A7001958E6 /* Assets.xcassets */ = {isa = PBXFileReference; lastKnownFileType = folder.assetcatalog; path = Assets.xcassets; sourceTree = "<group>"; };
		FAE0812B296DD7A7001958E6 /* Base */ = {isa = PBXFileReference; lastKnownFileType = file.storyboard; name = Base; path = Base.lproj/LaunchScreen.storyboard; sourceTree = "<group>"; };
		FAE0812D296DD7A7001958E6 /* Info.plist */ = {isa = PBXFileReference; lastKnownFileType = text.plist.xml; path = Info.plist; sourceTree = "<group>"; };
		FAE08132296DD7A7001958E6 /* FlashlightTests.xctest */ = {isa = PBXFileReference; explicitFileType = wrapper.cfbundle; includeInIndex = 0; path = FlashlightTests.xctest; sourceTree = BUILT_PRODUCTS_DIR; };
		FAE08136296DD7A7001958E6 /* FlashlightTests.swift */ = {isa = PBXFileReference; lastKnownFileType = sourcecode.swift; path = FlashlightTests.swift; sourceTree = "<group>"; };
		FAE0813C296DD7A7001958E6 /* FlashlightUITests.xctest */ = {isa = PBXFileReference; explicitFileType = wrapper.cfbundle; includeInIndex = 0; path = FlashlightUITests.xctest; sourceTree = BUILT_PRODUCTS_DIR; };
		FAE08140296DD7A7001958E6 /* FlashlightUITests.swift */ = {isa = PBXFileReference; lastKnownFileType = sourcecode.swift; path = FlashlightUITests.swift; sourceTree = "<group>"; };
		FAE08142296DD7A7001958E6 /* FlashlightUITestsLaunchTests.swift */ = {isa = PBXFileReference; lastKnownFileType = sourcecode.swift; path = FlashlightUITestsLaunchTests.swift; sourceTree = "<group>"; };
/* End PBXFileReference section */

/* Begin PBXFrameworksBuildPhase section */
		FAE08119296DD7A5001958E6 /* Frameworks */ = {
			isa = PBXFrameworksBuildPhase;
			buildActionMask = 2147483647;
			files = (
			);
			runOnlyForDeploymentPostprocessing = 0;
		};
		FAE0812F296DD7A7001958E6 /* Frameworks */ = {
			isa = PBXFrameworksBuildPhase;
			buildActionMask = 2147483647;
			files = (
			);
			runOnlyForDeploymentPostprocessing = 0;
		};
		FAE08139296DD7A7001958E6 /* Frameworks */ = {
			isa = PBXFrameworksBuildPhase;
			buildActionMask = 2147483647;
			files = (
			);
			runOnlyForDeploymentPostprocessing = 0;
		};
/* End PBXFrameworksBuildPhase section */

/* Begin PBXGroup section */
		FAE08113296DD7A5001958E6 = {
			isa = PBXGroup;
			children = (
				FAE0811E296DD7A5001958E6 /* Flashlight */,
				FAE08135296DD7A7001958E6 /* FlashlightTests */,
				FAE0813F296DD7A7001958E6 /* FlashlightUITests */,
				FAE0811D296DD7A5001958E6 /* Products */,
			);
			sourceTree = "<group>";
		};
		FAE0811D296DD7A5001958E6 /* Products */ = {
			isa = PBXGroup;
			children = (
				FAE0811C296DD7A5001958E6 /* Flashlight.app */,
				FAE08132296DD7A7001958E6 /* FlashlightTests.xctest */,
				FAE0813C296DD7A7001958E6 /* FlashlightUITests.xctest */,
			);
			name = Products;
			sourceTree = "<group>";
		};
		FAE0811E296DD7A5001958E6 /* Flashlight */ = {
			isa = PBXGroup;
			children = (
				FAE0811F296DD7A5001958E6 /* AppDelegate.swift */,
				FAE08121296DD7A5001958E6 /* SceneDelegate.swift */,
				FAE08123296DD7A5001958E6 /* ViewController.swift */,
				FAE08125296DD7A5001958E6 /* Main.storyboard */,
				FAE08128296DD7A7001958E6 /* Assets.xcassets */,
				FAE0812A296DD7A7001958E6 /* LaunchScreen.storyboard */,
				FAE0812D296DD7A7001958E6 /* Info.plist */,
			);
			path = Flashlight;
			sourceTree = "<group>";
		};
		FAE08135296DD7A7001958E6 /* FlashlightTests */ = {
			isa = PBXGroup;
			children = (
				FAE08136296DD7A7001958E6 /* FlashlightTests.swift */,
			);
			path = FlashlightTests;
			sourceTree = "<group>";
		};
		FAE0813F296DD7A7001958E6 /* FlashlightUITests */ = {
			isa = PBXGroup;
			children = (
				FAE08140296DD7A7001958E6 /* FlashlightUITests.swift */,
				FAE08142296DD7A7001958E6 /* FlashlightUITestsLaunchTests.swift */,
			);
			path = FlashlightUITests;
			sourceTree = "<group>";
		};
/* End PBXGroup section */

/* Begin PBXNativeTarget section */
		FAE0811B296DD7A5001958E6 /* Flashlight */ = {
			isa = PBXNativeTarget;
			buildConfigurationList = FAE08146296DD7A7001958E6 /* Build configuration list for PBXNativeTarget "Flashlight" */;
			buildPhases = (
				FAE08118296DD7A5001958E6 /* Sources */,
				FAE08119296DD7A5001958E6 /* Frameworks */,
				FAE0811A296DD7A5001958E6 /* Resources */,
			);
			buildRules = (
			);
			dependencies = (
			);
			name = Flashlight;
			productName = Flashlight;
			productReference = FAE0811C296DD7A5001958E6 /* Flashlight.app */;
			productType = "com.apple.product-type.application";
		};
		FAE08131296DD7A7001958E6 /* FlashlightTests */ = {
			isa = PBXNativeTarget;
			buildConfigurationList = FAE08149296DD7A7001958E6 /* Build configuration list for PBXNativeTarget "FlashlightTests" */;
			buildPhases = (
				FAE0812E296DD7A7001958E6 /* Sources */,
				FAE0812F296DD7A7001958E6 /* Frameworks */,
				FAE08130296DD7A7001958E6 /* Resources */,
			);
			buildRules = (
			);
			dependencies = (
				FAE08134296DD7A7001958E6 /* PBXTargetDependency */,
			);
			name = FlashlightTests;
			productName = FlashlightTests;
			productReference = FAE08132296DD7A7001958E6 /* FlashlightTests.xctest */;
			productType = "com.apple.product-type.bundle.unit-test";
		};
		FAE0813B296DD7A7001958E6 /* FlashlightUITests */ = {
			isa = PBXNativeTarget;
			buildConfigurationList = FAE0814C296DD7A7001958E6 /* Build configuration list for PBXNativeTarget "FlashlightUITests" */;
			buildPhases = (
				FAE08138296DD7A7001958E6 /* Sources */,
				FAE08139296DD7A7001958E6 /* Frameworks */,
				FAE0813A296DD7A7001958E6 /* Resources */,
			);
			buildRules = (
			);
			dependencies = (
				FAE0813E296DD7A7001958E6 /* PBXTargetDependency */,
			);
			name = FlashlightUITests;
			productName = FlashlightUITests;
			productReference = FAE0813C296DD7A7001958E6 /* FlashlightUITests.xctest */;
			productType = "com.apple.product-type.bundle.ui-testing";
		};
/* End PBXNativeTarget section */

/* Begin PBXProject section */
		FAE08114296DD7A5001958E6 /* Project object */ = {
			isa = PBXProject;
			attributes = {
				BuildIndependentTargetsInParallel = 1;
				LastSwiftUpdateCheck = 1420;
				LastUpgradeCheck = 1420;
				TargetAttributes = {
					FAE0811B296DD7A5001958E6 = {
						CreatedOnToolsVersion = 14.2;
					};
					FAE08131296DD7A7001958E6 = {
						CreatedOnToolsVersion = 14.2;
						TestTargetID = FAE0811B296DD7A5001958E6;
					};
					FAE0813B296DD7A7001958E6 = {
						CreatedOnToolsVersion = 14.2;
						TestTargetID = FAE0811B296DD7A5001958E6;
					};
				};
			};
			buildConfigurationList = FAE08117296DD7A5001958E6 /* Build configuration list for PBXProject "Flashlight" */;
			compatibilityVersion = "Xcode 14.0";
			developmentRegion = en;
			hasScannedForEncodings = 0;
			knownRegions = (
				en,
				Base,
			);
			mainGroup = FAE08113296DD7A5001958E6;
			productRefGroup = FAE0811D296DD7A5001958E6 /* Products */;
			projectDirPath = "";
			projectRoot = "";
			targets = (
				FAE0811B296DD7A5001958E6 /* Flashlight */,
				FAE08131296DD7A7001958E6 /* FlashlightTests */,
				FAE0813B296DD7A7001958E6 /* FlashlightUITests */,
			);
		};
/* End PBXProject section */

/* Begin PBXResourcesBuildPhase section */
		FAE0811A296DD7A5001958E6 /* Resources */ = {
			isa = PBXResourcesBuildPhase;
			buildActionMask = 2147483647;
			files = (
				FAE0812C296DD7A7001958E6 /* LaunchScreen.storyboard in Resources */,
				FAE08129296DD7A7001958E6 /* Assets.xcassets in Resources */,
				FAE08127296DD7A5001958E6 /* Main.storyboard in Resources */,
			);
			runOnlyForDeploymentPostprocessing = 0;
		};
		FAE08130296DD7A7001958E6 /* Resources */ = {
			isa = PBXResourcesBuildPhase;
			buildActionMask = 2147483647;
			files = (
			);
			runOnlyForDeploymentPostprocessing = 0;
		};
		FAE0813A296DD7A7001958E6 /* Resources */ = {
			isa = PBXResourcesBuildPhase;
			buildActionMask = 2147483647;
			files = (
			);
			runOnlyForDeploymentPostprocessing = 0;
		};
/* End PBXResourcesBuildPhase section */

/* Begin PBXSourcesBuildPhase section */
		FAE08118296DD7A5001958E6 /* Sources */ = {
			isa = PBXSourcesBuildPhase;
			buildActionMask = 2147483647;
			files = (
				FAE08124296DD7A5001958E6 /* ViewController.swift in Sources */,
				FAE08120296DD7A5001958E6 /* AppDelegate.swift in Sources */,
				FAE08122296DD7A5001958E6 /* SceneDelegate.swift in Sources */,
			);
			runOnlyForDeploymentPostprocessing = 0;
		};
		FAE0812E296DD7A7001958E6 /* Sources */ = {
			isa = PBXSourcesBuildPhase;
			buildActionMask = 2147483647;
			files = (
				FAE08137296DD7A7001958E6 /* FlashlightTests.swift in Sources */,
			);
			runOnlyForDeploymentPostprocessing = 0;
		};
		FAE08138296DD7A7001958E6 /* Sources */ = {
			isa = PBXSourcesBuildPhase;
			buildActionMask = 2147483647;
			files = (
				FAE08143296DD7A7001958E6 /* FlashlightUITestsLaunchTests.swift in Sources */,
				FAE08141296DD7A7001958E6 /* FlashlightUITests.swift in Sources */,
			);
			runOnlyForDeploymentPostprocessing = 0;
		};
/* End PBXSourcesBuildPhase section */

/* Begin PBXTargetDependency section */
		FAE08134296DD7A7001958E6 /* PBXTargetDependency */ = {
			isa = PBXTargetDependency;
			target = FAE0811B296DD7A5001958E6 /* Flashlight */;
			targetProxy = FAE08133296DD7A7001958E6 /* PBXContainerItemProxy */;
		};
		FAE0813E296DD7A7001958E6 /* PBXTargetDependency */ = {
			isa = PBXTargetDependency;
			target = FAE0811B296DD7A5001958E6 /* Flashlight */;
			targetProxy = FAE0813D296DD7A7001958E6 /* PBXContainerItemProxy */;
		};
/* End PBXTargetDependency section */

/* Begin PBXVariantGroup section */
		FAE08125296DD7A5001958E6 /* Main.storyboard */ = {
			isa = PBXVariantGroup;
			children = (
				FAE08126296DD7A5001958E6 /* Base */,
			);
			name = Main.storyboard;
			sourceTree = "<group>";
		};
		FAE0812A296DD7A7001958E6 /* LaunchScreen.storyboard */ = {
			isa = PBXVariantGroup;
			children = (
				FAE0812B296DD7A7001958E6 /* Base */,
			);
			name = LaunchScreen.storyboard;
			sourceTree = "<group>";
		};
/* End PBXVariantGroup section */

/* Begin XCBuildConfiguration section */
		FAE08144296DD7A7001958E6 /* Debug */ = {
			isa = XCBuildConfiguration;
			buildSettings = {
				ALWAYS_SEARCH_USER_PATHS = NO;
				CLANG_ANALYZER_NONNULL = YES;
				CLANG_ANALYZER_NUMBER_OBJECT_CONVERSION = YES_AGGRESSIVE;
				CLANG_CXX_LANGUAGE_STANDARD = "gnu++20";
				CLANG_ENABLE_MODULES = YES;
				CLANG_ENABLE_OBJC_ARC = YES;
				CLANG_ENABLE_OBJC_WEAK = YES;
				CLANG_WARN_BLOCK_CAPTURE_AUTORELEASING = YES;
				CLANG_WARN_BOOL_CONVERSION = YES;
				CLANG_WARN_COMMA = YES;
				CLANG_WARN_CONSTANT_CONVERSION = YES;
				CLANG_WARN_DEPRECATED_OBJC_IMPLEMENTATIONS = YES;
				CLANG_WARN_DIRECT_OBJC_ISA_USAGE = YES_ERROR;
				CLANG_WARN_DOCUMENTATION_COMMENTS = YES;
				CLANG_WARN_EMPTY_BODY = YES;
				CLANG_WARN_ENUM_CONVERSION = YES;
				CLANG_WARN_INFINITE_RECURSION = YES;
				CLANG_WARN_INT_CONVERSION = YES;
				CLANG_WARN_NON_LITERAL_NULL_CONVERSION = YES;
				CLANG_WARN_OBJC_IMPLICIT_RETAIN_SELF = YES;
				CLANG_WARN_OBJC_LITERAL_CONVERSION = YES;
				CLANG_WARN_OBJC_ROOT_CLASS = YES_ERROR;
				CLANG_WARN_QUOTED_INCLUDE_IN_FRAMEWORK_HEADER = YES;
				CLANG_WARN_RANGE_LOOP_ANALYSIS = YES;
				CLANG_WARN_STRICT_PROTOTYPES = YES;
				CLANG_WARN_SUSPICIOUS_MOVE = YES;
				CLANG_WARN_UNGUARDED_AVAILABILITY = YES_AGGRESSIVE;
				CLANG_WARN_UNREACHABLE_CODE = YES;
				CLANG_WARN__DUPLICATE_METHOD_MATCH = YES;
				COPY_PHASE_STRIP = NO;
				DEBUG_INFORMATION_FORMAT = dwarf;
				ENABLE_STRICT_OBJC_MSGSEND = YES;
				ENABLE_TESTABILITY = YES;
				GCC_C_LANGUAGE_STANDARD = gnu11;
				GCC_DYNAMIC_NO_PIC = NO;
				GCC_NO_COMMON_BLOCKS = YES;
				GCC_OPTIMIZATION_LEVEL = 0;
				GCC_PREPROCESSOR_DEFINITIONS = (
					"DEBUG=1",
					"$(inherited)",
				);
				GCC_WARN_64_TO_32_BIT_CONVERSION = YES;
				GCC_WARN_ABOUT_RETURN_TYPE = YES_ERROR;
				GCC_WARN_UNDECLARED_SELECTOR = YES;
				GCC_WARN_UNINITIALIZED_AUTOS = YES_AGGRESSIVE;
				GCC_WARN_UNUSED_FUNCTION = YES;
				GCC_WARN_UNUSED_VARIABLE = YES;
				IPHONEOS_DEPLOYMENT_TARGET = 16.2;
				MTL_ENABLE_DEBUG_INFO = INCLUDE_SOURCE;
				MTL_FAST_MATH = YES;
				ONLY_ACTIVE_ARCH = YES;
				SDKROOT = iphoneos;
				SWIFT_ACTIVE_COMPILATION_CONDITIONS = DEBUG;
				SWIFT_OPTIMIZATION_LEVEL = "-Onone";
			};
			name = Debug;
		};
		FAE08145296DD7A7001958E6 /* Release */ = {
			isa = XCBuildConfiguration;
			buildSettings = {
				ALWAYS_SEARCH_USER_PATHS = NO;
				CLANG_ANALYZER_NONNULL = YES;
				CLANG_ANALYZER_NUMBER_OBJECT_CONVERSION = YES_AGGRESSIVE;
				CLANG_CXX_LANGUAGE_STANDARD = "gnu++20";
				CLANG_ENABLE_MODULES = YES;
				CLANG_ENABLE_OBJC_ARC = YES;
				CLANG_ENABLE_OBJC_WEAK = YES;
				CLANG_WARN_BLOCK_CAPTURE_AUTORELEASING = YES;
				CLANG_WARN_BOOL_CONVERSION = YES;
				CLANG_WARN_COMMA = YES;
				CLANG_WARN_CONSTANT_CONVERSION = YES;
				CLANG_WARN_DEPRECATED_OBJC_IMPLEMENTATIONS = YES;
				CLANG_WARN_DIRECT_OBJC_ISA_USAGE = YES_ERROR;
				CLANG_WARN_DOCUMENTATION_COMMENTS = YES;
				CLANG_WARN_EMPTY_BODY = YES;
				CLANG_WARN_ENUM_CONVERSION = YES;
				CLANG_WARN_INFINITE_RECURSION = YES;
				CLANG_WARN_INT_CONVERSION = YES;
				CLANG_WARN_NON_LITERAL_NULL_CONVERSION = YES;
				CLANG_WARN_OBJC_IMPLICIT_RETAIN_SELF = YES;
				CLANG_WARN_OBJC_LITERAL_CONVERSION = YES;
				CLANG_WARN_OBJC_ROOT_CLASS = YES_ERROR;
				CLANG_WARN_QUOTED_INCLUDE_IN_FRAMEWORK_HEADER = YES;
				CLANG_WARN_RANGE_LOOP_ANALYSIS = YES;
				CLANG_WARN_STRICT_PROTOTYPES = YES;
				CLANG_WARN_SUSPICIOUS_MOVE = YES;
				CLANG_WARN_UNGUARDED_AVAILABILITY = YES_AGGRESSIVE;
				CLANG_WARN_UNREACHABLE_CODE = YES;
				CLANG_WARN__DUPLICATE_METHOD_MATCH = YES;
				COPY_PHASE_STRIP = NO;
				DEBUG_INFORMATION_FORMAT = "dwarf-with-dsym";
				ENABLE_NS_ASSERTIONS = NO;
				ENABLE_STRICT_OBJC_MSGSEND = YES;
				GCC_C_LANGUAGE_STANDARD = gnu11;
				GCC_NO_COMMON_BLOCKS = YES;
				GCC_WARN_64_TO_32_BIT_CONVERSION = YES;
				GCC_WARN_ABOUT_RETURN_TYPE = YES_ERROR;
				GCC_WARN_UNDECLARED_SELECTOR = YES;
				GCC_WARN_UNINITIALIZED_AUTOS = YES_AGGRESSIVE;
				GCC_WARN_UNUSED_FUNCTION = YES;
				GCC_WARN_UNUSED_VARIABLE = YES;
				IPHONEOS_DEPLOYMENT_TARGET = 16.2;
				MTL_ENABLE_DEBUG_INFO = NO;
				MTL_FAST_MATH = YES;
				SDKROOT = iphoneos;
				SWIFT_COMPILATION_MODE = wholemodule;
				SWIFT_OPTIMIZATION_LEVEL = "-O";
				VALIDATE_PRODUCT = YES;
			};
			name = Release;
		};
		FAE08147296DD7A7001958E6 /* Debug */ = {
			isa = XCBuildConfiguration;
			buildSettings = {
				ASSETCATALOG_COMPILER_APPICON_NAME = AppIcon;
				ASSETCATALOG_COMPILER_GLOBAL_ACCENT_COLOR_NAME = AccentColor;
				CODE_SIGN_STYLE = Automatic;
				CURRENT_PROJECT_VERSION = 1;
				DEVELOPMENT_TEAM = TJV6N779S4;
				GENERATE_INFOPLIST_FILE = YES;
				INFOPLIST_FILE = Flashlight/Info.plist;
				INFOPLIST_KEY_UIApplicationSupportsIndirectInputEvents = YES;
				INFOPLIST_KEY_UILaunchStoryboardName = LaunchScreen;
				INFOPLIST_KEY_UIMainStoryboardFile = Main;
				INFOPLIST_KEY_UISupportedInterfaceOrientations_iPad = "UIInterfaceOrientationPortrait UIInterfaceOrientationPortraitUpsideDown UIInterfaceOrientationLandscapeLeft UIInterfaceOrientationLandscapeRight";
				INFOPLIST_KEY_UISupportedInterfaceOrientations_iPhone = "UIInterfaceOrientationPortrait UIInterfaceOrientationLandscapeLeft UIInterfaceOrientationLandscapeRight";
				LD_RUNPATH_SEARCH_PATHS = (
					"$(inherited)",
					"@executable_path/Frameworks",
				);
				MARKETING_VERSION = 1.0;
				PRODUCT_BUNDLE_IDENTIFIER = "Futures-Labs-JM.Flashlight";
				PRODUCT_NAME = "$(TARGET_NAME)";
				SWIFT_EMIT_LOC_STRINGS = YES;
				SWIFT_VERSION = 5.0;
				TARGETED_DEVICE_FAMILY = "1,2";
			};
			name = Debug;
		};
		FAE08148296DD7A7001958E6 /* Release */ = {
			isa = XCBuildConfiguration;
			buildSettings = {
				ASSETCATALOG_COMPILER_APPICON_NAME = AppIcon;
				ASSETCATALOG_COMPILER_GLOBAL_ACCENT_COLOR_NAME = AccentColor;
				CODE_SIGN_STYLE = Automatic;
				CURRENT_PROJECT_VERSION = 1;
				DEVELOPMENT_TEAM = TJV6N779S4;
				GENERATE_INFOPLIST_FILE = YES;
				INFOPLIST_FILE = Flashlight/Info.plist;
				INFOPLIST_KEY_UIApplicationSupportsIndirectInputEvents = YES;
				INFOPLIST_KEY_UILaunchStoryboardName = LaunchScreen;
				INFOPLIST_KEY_UIMainStoryboardFile = Main;
				INFOPLIST_KEY_UISupportedInterfaceOrientations_iPad = "UIInterfaceOrientationPortrait UIInterfaceOrientationPortraitUpsideDown UIInterfaceOrientationLandscapeLeft UIInterfaceOrientationLandscapeRight";
				INFOPLIST_KEY_UISupportedInterfaceOrientations_iPhone = "UIInterfaceOrientationPortrait UIInterfaceOrientationLandscapeLeft UIInterfaceOrientationLandscapeRight";
				LD_RUNPATH_SEARCH_PATHS = (
					"$(inherited)",
					"@executable_path/Frameworks",
				);
				MARKETING_VERSION = 1.0;
				PRODUCT_BUNDLE_IDENTIFIER = "Futures-Labs-JM.Flashlight";
				PRODUCT_NAME = "$(TARGET_NAME)";
				SWIFT_EMIT_LOC_STRINGS = YES;
				SWIFT_VERSION = 5.0;
				TARGETED_DEVICE_FAMILY = "1,2";
			};
			name = Release;
		};
		FAE0814A296DD7A7001958E6 /* Debug */ = {
			isa = XCBuildConfiguration;
			buildSettings = {
				ALWAYS_EMBED_SWIFT_STANDARD_LIBRARIES = YES;
				BUNDLE_LOADER = "$(TEST_HOST)";
				CODE_SIGN_STYLE = Automatic;
				CURRENT_PROJECT_VERSION = 1;
				DEVELOPMENT_TEAM = TJV6N779S4;
				GENERATE_INFOPLIST_FILE = YES;
				IPHONEOS_DEPLOYMENT_TARGET = 16.2;
				MARKETING_VERSION = 1.0;
				PRODUCT_BUNDLE_IDENTIFIER = "Futures-Labs-JM.FlashlightTests";
				PRODUCT_NAME = "$(TARGET_NAME)";
				SWIFT_EMIT_LOC_STRINGS = NO;
				SWIFT_VERSION = 5.0;
				TARGETED_DEVICE_FAMILY = "1,2";
				TEST_HOST = "$(BUILT_PRODUCTS_DIR)/Flashlight.app/$(BUNDLE_EXECUTABLE_FOLDER_PATH)/Flashlight";
			};
			name = Debug;
		};
		FAE0814B296DD7A7001958E6 /* Release */ = {
			isa = XCBuildConfiguration;
			buildSettings = {
				ALWAYS_EMBED_SWIFT_STANDARD_LIBRARIES = YES;
				BUNDLE_LOADER = "$(TEST_HOST)";
				CODE_SIGN_STYLE = Automatic;
				CURRENT_PROJECT_VERSION = 1;
				DEVELOPMENT_TEAM = TJV6N779S4;
				GENERATE_INFOPLIST_FILE = YES;
				IPHONEOS_DEPLOYMENT_TARGET = 16.2;
				MARKETING_VERSION = 1.0;
				PRODUCT_BUNDLE_IDENTIFIER = "Futures-Labs-JM.FlashlightTests";
				PRODUCT_NAME = "$(TARGET_NAME)";
				SWIFT_EMIT_LOC_STRINGS = NO;
				SWIFT_VERSION = 5.0;
				TARGETED_DEVICE_FAMILY = "1,2";
				TEST_HOST = "$(BUILT_PRODUCTS_DIR)/Flashlight.app/$(BUNDLE_EXECUTABLE_FOLDER_PATH)/Flashlight";
			};
			name = Release;
		};
		FAE0814D296DD7A7001958E6 /* Debug */ = {
			isa = XCBuildConfiguration;
			buildSettings = {
				ALWAYS_EMBED_SWIFT_STANDARD_LIBRARIES = YES;
				CODE_SIGN_STYLE = Automatic;
				CURRENT_PROJECT_VERSION = 1;
				DEVELOPMENT_TEAM = TJV6N779S4;
				GENERATE_INFOPLIST_FILE = YES;
				MARKETING_VERSION = 1.0;
				PRODUCT_BUNDLE_IDENTIFIER = "Futures-Labs-JM.FlashlightUITests";
				PRODUCT_NAME = "$(TARGET_NAME)";
				SWIFT_EMIT_LOC_STRINGS = NO;
				SWIFT_VERSION = 5.0;
				TARGETED_DEVICE_FAMILY = "1,2";
				TEST_TARGET_NAME = Flashlight;
			};
			name = Debug;
		};
		FAE0814E296DD7A7001958E6 /* Release */ = {
			isa = XCBuildConfiguration;
			buildSettings = {
				ALWAYS_EMBED_SWIFT_STANDARD_LIBRARIES = YES;
				CODE_SIGN_STYLE = Automatic;
				CURRENT_PROJECT_VERSION = 1;
				DEVELOPMENT_TEAM = TJV6N779S4;
				GENERATE_INFOPLIST_FILE = YES;
				MARKETING_VERSION = 1.0;
				PRODUCT_BUNDLE_IDENTIFIER = "Futures-Labs-JM.FlashlightUITests";
				PRODUCT_NAME = "$(TARGET_NAME)";
				SWIFT_EMIT_LOC_STRINGS = NO;
				SWIFT_VERSION = 5.0;
				TARGETED_DEVICE_FAMILY = "1,2";
				TEST_TARGET_NAME = Flashlight;
			};
			name = Release;
		};
/* End XCBuildConfiguration section */

/* Begin XCConfigurationList section */
		FAE08117296DD7A5001958E6 /* Build configuration list for PBXProject "Flashlight" */ = {
			isa = XCConfigurationList;
			buildConfigurations = (
				FAE08144296DD7A7001958E6 /* Debug */,
				FAE08145296DD7A7001958E6 /* Release */,
			);
			defaultConfigurationIsVisible = 0;
			defaultConfigurationName = Release;
		};
		FAE08146296DD7A7001958E6 /* Build configuration list for PBXNativeTarget "Flashlight" */ = {
			isa = XCConfigurationList;
			buildConfigurations = (
				FAE08147296DD7A7001958E6 /* Debug */,
				FAE08148296DD7A7001958E6 /* Release */,
			);
			defaultConfigurationIsVisible = 0;
			defaultConfigurationName = Release;
		};
		FAE08149296DD7A7001958E6 /* Build configuration list for PBXNativeTarget "FlashlightTests" */ = {
			isa = XCConfigurationList;
			buildConfigurations = (
				FAE0814A296DD7A7001958E6 /* Debug */,
				FAE0814B296DD7A7001958E6 /* Release */,
			);
			defaultConfigurationIsVisible = 0;
			defaultConfigurationName = Release;
		};
		FAE0814C296DD7A7001958E6 /* Build configuration list for PBXNativeTarget "FlashlightUITests" */ = {
			isa = XCConfigurationList;
			buildConfigurations = (
				FAE0814D296DD7A7001958E6 /* Debug */,
				FAE0814E296DD7A7001958E6 /* Release */,
			);
			defaultConfigurationIsVisible = 0;
			defaultConfigurationName = Release;
		};
/* End XCConfigurationList section */
	};
	rootObject = FAE08114296DD7A5001958E6 /* Project object */;
}
